Microsoft Visual Studio Solution File, Format Version 12.00
# Visual Studio 2012
Project("{FAE04EC0-301F-11D3-BF4B-00C04F79EFBC}") = "CSScriptLibrary.v4.0", "CSScriptLibrary.v4.0.csproj", "{F33DDB9A-918F-43D9-A1CF-CECD269AD958}"
EndProject
Global
	GlobalSection(SolutionConfigurationPlatforms) = preSolution
		Debug|Any CPU = Debug|Any CPU
		Release|Any CPU = Release|Any CPU
	EndGlobalSection
	GlobalSection(ProjectConfigurationPlatforms) = postSolution
		{F33DDB9A-918F-43D9-A1CF-CECD269AD958}.Debug|Any CPU.ActiveCfg = Debug|Any CPU
		{F33DDB9A-918F-43D9-A1CF-CECD269AD958}.Debug|Any CPU.Build.0 = Debug|Any CPU
		{F33DDB9A-918F-43D9-A1CF-CECD269AD958}.Release|Any CPU.ActiveCfg = Release|Any CPU
		{F33DDB9A-918F-43D9-A1CF-CECD269AD958}.Release|Any CPU.Build.0 = Release|Any CPU
	EndGlobalSection
	GlobalSection(SolutionProperties) = preSolution
		HideSolutionNode = FALSE
	EndGlobalSection
EndGlobal
